
Microsoft Visual Studio Solution File, Format Version 12.00
# Visual Studio Version 17
VisualStudioVersion = 17.14.36327.8
MinimumVisualStudioVersion = 10.0.40219.1
Project("{FAE04EC0-301F-11D3-BF4B-00C04F79EFBC}") = "InternshipProject1", "InternshipProject1\InternshipProject1.csproj", "{A30FEB66-9C30-4B02-AD12-0B428C648168}"
EndProject
Project("{FAE04EC0-301F-11D3-BF4B-00C04F79EFBC}") = "MobileAPI", "MobileAPI\MobileAPI.csproj", "{7258FBA5-135F-42BF-AA98-E5B3F860003D}"
EndProject
Global
	GlobalSection(SolutionConfigurationPlatforms) = preSolution
		Debug|Any CPU = Debug|Any CPU
		Release|Any CPU = Release|Any CPU
	EndGlobalSection
	GlobalSection(ProjectConfigurationPlatforms) = postSolution
		{A30FEB66-9C30-4B02-AD12-0B428C648168}.Debug|Any CPU.ActiveCfg = Debug|Any CPU
		{A30FEB66-9C30-4B02-AD12-0B428C648168}.Debug|Any CPU.Build.0 = Debug|Any CPU
		{A30FEB66-9C30-4B02-AD12-0B428C648168}.Release|Any CPU.ActiveCfg = Release|Any CPU
		{A30FEB66-9C30-4B02-AD12-0B428C648168}.Release|Any CPU.Build.0 = Release|Any CPU
		{7258FBA5-135F-42BF-AA98-E5B3F860003D}.Debug|Any CPU.ActiveCfg = Debug|Any CPU
		{7258FBA5-135F-42BF-AA98-E5B3F860003D}.Debug|Any CPU.Build.0 = Debug|Any CPU
		{7258FBA5-135F-42BF-AA98-E5B3F860003D}.Release|Any CPU.ActiveCfg = Release|Any CPU
		{7258FBA5-135F-42BF-AA98-E5B3F860003D}.Release|Any CPU.Build.0 = Release|Any CPU
	EndGlobalSection
	GlobalSection(SolutionProperties) = preSolution
		HideSolutionNode = FALSE
	EndGlobalSection
	GlobalSection(ExtensibilityGlobals) = postSolution
		SolutionGuid = {9774C766-697C-4FC2-9E7F-9A979895A8AC}
	EndGlobalSection
EndGlobal
